{
  "version": 4,
  "terraform_version": "1.4.6",
  "serial": 27,
  "lineage": "334dcbe4-6ff5-c81f-97e9-1f4ea1e9eb4a",
  "outputs": {
    "dns_name": {
      "value": "ec2-3-237-240-142.compute-1.amazonaws.com",
      "type": "string"
    },
    "ec2_ip": {
      "value": "3.237.240.142",
      "type": "string"
    }
  },
  "resources": [
    {
      "mode": "managed",
      "type": "aws_instance",
      "name": "server",
      "provider": "provider[\"registry.terraform.io/hashicorp/aws\"]",
      "instances": [
        {
          "schema_version": 1,
          "attributes": {
            "ami": "ami-0393ee318b08f4511",
            "arn": "arn:aws:ec2:us-east-1:704321698784:instance/i-03719de9ea26d9bd7",
            "associate_public_ip_address": true,
            "availability_zone": "us-east-1a",
            "capacity_reservation_specification": [
              {
                "capacity_reservation_preference": "open",
                "capacity_reservation_target": []
              }
            ],
            "cpu_core_count": 1,
            "cpu_options": [
              {
                "amd_sev_snp": "",
                "core_count": 1,
                "threads_per_core": 1
              }
            ],
            "cpu_threads_per_core": 1,
            "credit_specification": [
              {
                "cpu_credits": "standard"
              }
            ],
            "disable_api_stop": false,
            "disable_api_termination": false,
            "ebs_block_device": [],
            "ebs_optimized": false,
            "enclave_options": [
              {
                "enabled": false
              }
            ],
            "ephemeral_block_device": [],
            "get_password_data": false,
            "hibernation": false,
            "host_id": "",
            "host_resource_group_arn": null,
            "iam_instance_profile": "",
            "id": "i-03719de9ea26d9bd7",
            "instance_initiated_shutdown_behavior": "stop",
            "instance_state": "running",
            "instance_type": "t2.micro",
            "ipv6_address_count": 0,
            "ipv6_addresses": [],
            "key_name": "terraform-key1",
            "launch_template": [],
            "maintenance_options": [
              {
                "auto_recovery": "default"
              }
            ],
            "metadata_options": [
              {
                "http_endpoint": "enabled",
                "http_put_response_hop_limit": 1,
                "http_tokens": "optional",
                "instance_metadata_tags": "disabled"
              }
            ],
            "monitoring": false,
            "network_interface": [],
            "outpost_arn": "",
            "password_data": "",
            "placement_group": "",
            "placement_partition_number": 0,
            "primary_network_interface_id": "eni-0ee647dc0f3f50314",
            "private_dns": "ip-192-168-101-93.ec2.internal",
            "private_dns_name_options": [
              {
                "enable_resource_name_dns_a_record": false,
                "enable_resource_name_dns_aaaa_record": false,
                "hostname_type": "ip-name"
              }
            ],
            "private_ip": "192.168.101.93",
            "public_dns": "ec2-3-237-240-142.compute-1.amazonaws.com",
            "public_ip": "3.237.240.142",
            "root_block_device": [
              {
                "delete_on_termination": true,
                "device_name": "/dev/xvda",
                "encrypted": false,
                "iops": 100,
                "kms_key_id": "",
                "tags": {},
                "throughput": 0,
                "volume_id": "vol-049f239b3dd32e975",
                "volume_size": 20,
                "volume_type": "gp2"
              }
            ],
            "secondary_private_ips": [],
            "security_groups": [],
            "source_dest_check": true,
            "subnet_id": "subnet-087c668a82d2d481f",
            "tags": {
              "Env": "dev",
              "Name": "Terraform-ec2-instance"
            },
            "tags_all": {
              "Env": "dev",
              "Name": "Terraform-ec2-instance"
            },
            "tenancy": "default",
            "timeouts": null,
            "user_data": null,
            "user_data_base64": null,
            "user_data_replace_on_change": false,
            "volume_tags": null,
            "vpc_security_group_ids": [
              "sg-0a1d2aa3a7f029116"
            ]
          },
          "sensitive_attributes": [],
          "private": "eyJlMmJmYjczMC1lY2FhLTExZTYtOGY4OC0zNDM2M2JjN2M0YzAiOnsiY3JlYXRlIjo2MDAwMDAwMDAwMDAsImRlbGV0ZSI6MTIwMDAwMDAwMDAwMCwidXBkYXRlIjo2MDAwMDAwMDAwMDB9LCJzY2hlbWFfdmVyc2lvbiI6IjEifQ==",
          "dependencies": [
            "aws_key_pair.ec2_key",
            "aws_security_group.sg",
            "module.vpc.aws_subnet.public",
            "module.vpc.aws_vpc.this",
            "module.vpc.aws_vpc_ipv4_cidr_block_association.this",
            "tls_private_key.ec2_key"
          ]
        }
      ]
    },
    {
      "mode": "managed",
      "type": "aws_key_pair",
      "name": "ec2_key",
      "provider": "provider[\"registry.terraform.io/hashicorp/aws\"]",
      "instances": [
        {
          "schema_version": 1,
          "attributes": {
            "arn": "arn:aws:ec2:us-east-1:704321698784:key-pair/terraform-key1",
            "fingerprint": "b2:c5:70:37:f7:20:7d:f1:d6:1c:37:e3:8c:ac:61:3f",
            "id": "terraform-key1",
            "key_name": "terraform-key1",
            "key_name_prefix": "",
            "key_pair_id": "key-0d722f5d46b86bd1c",
            "key_type": "rsa",
            "public_key": "ssh-rsa AAAAB3NzaC1yc2EAAAADAQABAAABAQC453wZVKeqDT1EjvJrpne51w7P5og6vyZ2dy217kdswOUDtUj2iH5c7lkmtKpmdyz2Ds0DuMfbqCcXL3cZlWlwxzKMT6ictpfLO+01RpxyZqVyYNL3Kb1OZbMrQ8H5fn9/0tVHhyIA5up+Q2P3mD2FhXCHlgDnYr+aoCQeeJZN/xOlt+qdZR3bcUVMHOVyxfaptlyjol2/a7nGP7+9GAtg6DNL8V2/GWe23vfBKLZoIDldte1QqXz+icKVlWqYfdY5taL02yAyHLdeEfSitVUOuVoPGplFeZiB/mb5zJEyOQET0uS/20KpqnCTVLl6zh2D+5OP8S6gY7K3AJx2XhIt",
            "tags": {},
            "tags_all": {}
          },
          "sensitive_attributes": [],
          "private": "eyJzY2hlbWFfdmVyc2lvbiI6IjEifQ==",
          "dependencies": [
            "tls_private_key.ec2_key"
          ]
        }
      ]
    },
    {
      "mode": "managed",
      "type": "aws_security_group",
      "name": "sg",
      "provider": "provider[\"registry.terraform.io/hashicorp/aws\"]",
      "instances": [
        {
          "schema_version": 1,
          "attributes": {
            "arn": "arn:aws:ec2:us-east-1:704321698784:security-group/sg-0a1d2aa3a7f029116",
            "description": "allow traffic on 22 and 80",
            "egress": [
              {
                "cidr_blocks": [
                  "0.0.0.0/0"
                ],
                "description": "",
                "from_port": 0,
                "ipv6_cidr_blocks": [],
                "prefix_list_ids": [],
                "protocol": "-1",
                "security_groups": [],
                "self": false,
                "to_port": 0
              }
            ],
            "id": "sg-0a1d2aa3a7f029116",
            "ingress": [
              {
                "cidr_blocks": [
                  "0.0.0.0/0"
                ],
                "description": "22 for ssh",
                "from_port": 22,
                "ipv6_cidr_blocks": [],
                "prefix_list_ids": [],
                "protocol": "tcp",
                "security_groups": [],
                "self": false,
                "to_port": 22
              },
              {
                "cidr_blocks": [
                  "0.0.0.0/0"
                ],
                "description": "80 for http",
                "from_port": 80,
                "ipv6_cidr_blocks": [],
                "prefix_list_ids": [],
                "protocol": "tcp",
                "security_groups": [],
                "self": false,
                "to_port": 80
              }
            ],
            "name": "webserver-sg",
            "name_prefix": "",
            "owner_id": "704321698784",
            "revoke_rules_on_delete": false,
            "tags": {
              "Name": "webserver-sg",
              "Team": "Devops",
              "owner": "Anthony"
            },
            "tags_all": {
              "Name": "webserver-sg",
              "Team": "Devops",
              "owner": "Anthony"
            },
            "timeouts": null,
            "vpc_id": "vpc-0038aaa517da9d188"
          },
          "sensitive_attributes": [],
          "private": "eyJlMmJmYjczMC1lY2FhLTExZTYtOGY4OC0zNDM2M2JjN2M0YzAiOnsiY3JlYXRlIjo2MDAwMDAwMDAwMDAsImRlbGV0ZSI6OTAwMDAwMDAwMDAwfSwic2NoZW1hX3ZlcnNpb24iOiIxIn0=",
          "dependencies": [
            "module.vpc.aws_vpc.this"
          ]
        }
      ]
    },
    {
      "mode": "managed",
      "type": "local_file",
      "name": "ssh_key",
      "provider": "provider[\"registry.terraform.io/hashicorp/local\"]",
      "instances": [
        {
          "schema_version": 0,
          "attributes": {
            "content": "-----BEGIN RSA PRIVATE KEY-----\nMIIEpAIBAAKCAQEAuOd8GVSnqg09RI7ya6Z3udcOz+aIOr8mdnctte5HbMDlA7VI\n9oh+XO5ZJrSqZncs9g7NA7jH26gnFy93GZVpcMcyjE+onLaXyzvtNUaccmalcmDS\n9ym9TmWzK0PB+X5/f9LVR4ciAObqfkNj95g9hYVwh5YA52K/mqAkHniWTf8Tpbfq\nnWUd23FFTBzlcsX2qbZco6Jdv2u5xj+/vRgLYOgzS/Fdvxlntt73wSi2aCA5XbXt\nUKl8/onClZVqmH3WObWi9NsgMhy3XhH0orVVDrlaDxqZRXmYgf5m+cyRMjkBE9Lk\nv9tCqapwk1S5es4dg/uTj/EuoGOytwCcdl4SLQIDAQABAoIBAHf+6h96O9D1BJTQ\ne+x2vO4i7d7oCfKuCGULFOQjfcDLMhSE+pPbor3mhH7E8mzK3KfWlR/cM/+OEchP\nKmi0+ReSfnBmZdNGAB6JhnhzmaX4jVg8E80JDmypPWxPbbvfZxjqFzVzMhMJyJYm\nX+LXrt1O6udi5rVC9XuAf9Ayi8CTNTCF80Z6xadBDiJt5DzR/0eIi2FS/1+jfWkG\nYmlrCcvr9wMDRIwiSAzNV+2Qn8twjS47G3gKyaSQxJ4cZoHLNvS5x4qg2kaWJc5e\nrI5X6ugrYlGH9xNcKgI3rRNHXSKOGNZ9ZYgMgDfVtf0sj17ZW/rj7ttI3/pJIeNN\njAH5nWECgYEAzYFrVPoy/Lj3D8gCREwj6qVZoOrS+5XMLkXuTAodUzJH47HScdtu\nk0FL2cRf0MFKNctXa9T3v9RrBqSoGwpCUH4oPrTnUVrwlaTZgwhDI7z/ueKkYxXv\nM6umFA6U6eqz9KbuxwEL0W/sdg93Z/ngJmfjpCc8weds/nHxVmmm1UkCgYEA5lY3\nDJv0Wq1v3abYqWeme4GgqnKhdAYIaoTvo2h0JfWdRxdSvivqguS3OLgPmIEHFxx2\n69WeYh3tx4XN5KYEC6WT+ZUK5eEPLWQ6M6kFhYhRIvItPndRQIJtlndDFlndWluN\n9tEgWZYcu6C5Ff1szr/6JFiUxLo1gDUmAYx5acUCgYEAvyp40Z+89mKJUODZWvcJ\nIimWap6GjQoX2aOrvIhcJxxKy4CLJubcwZaoHHcUOnjTs57oP6LopEXRGWjqB91P\nOtlgTpSx6XgS/OFQhReWfRQ/PoeaK6In1YUDBP1bgQ2XQSpYTD6o47ad3GUeylYj\nMRbLJ9RoLGg/d6I+wged7iECgYEAm4V24eKjGF6me4heHfPIKvgZXTzM2qQAJrvf\nefvbAI5YRVnwGktYqkx3kapljVkBSo+DlDTGHgWLOP6VSF73uE1yHkCN/Sz6rHFS\nAvOKsOCbt/bAqb6yc9Yc3E1mVL8UgB/1OMN3DkYW3HDmx3w3bVmeMdBFkpcP7KL2\nKHGKwOkCgYB3rTkhskfVsYakmUr/SFix6p/lzp9SrzTaO8wh0TLwWiP04+qyu+yj\nl7UqmJudsgGjpiwwmMNYWCqHifLBJuEhv6Q340zDoVpdKa2t/ZKqt8B359UQZpx+\n/KThuE9NP+CMcywtM7GJJnZDDX8OVluo1vVf2HlcdNqmgkHeN+lPPA==\n-----END RSA PRIVATE KEY-----\n",
            "content_base64": null,
            "content_base64sha256": "Sx/YjSE8bjYn25heQzLHovba6D+fxuLEi4bNApEPMyE=",
            "content_base64sha512": "FBJ9v+nh7zQfZSLZgHgNZ1D2p57ANbAslMqW3OYCbfFaN1cIZig2eJId8gK4PqTI7VTsSL89EU8d0VxViv0wVQ==",
            "content_md5": "6348093e79bb50497aca977c2ca34b8a",
            "content_sha1": "8e50fb87ee24f0da3e9e2da0ccc4fea2fd0bb04a",
            "content_sha256": "4b1fd88d213c6e3627db985e4332c7a2f6dae83f9fc6e2c48b86cd02910f3321",
            "content_sha512": "14127dbfe9e1ef341f6522d980780d6750f6a79ec035b02c94ca96dce6026df15a37570866283678921df202b83ea4c8ed54ec48bf3d114f1dd15c558afd3055",
            "directory_permission": "0777",
            "file_permission": "0777",
            "filename": "terraform.pem",
            "id": "8e50fb87ee24f0da3e9e2da0ccc4fea2fd0bb04a",
            "sensitive_content": null,
            "source": null
          },
          "sensitive_attributes": [
            [
              {
                "type": "get_attr",
                "value": "content"
              }
            ]
          ],
          "dependencies": [
            "tls_private_key.ec2_key"
          ]
        }
      ]
    },
    {
      "mode": "managed",
      "type": "tls_private_key",
      "name": "ec2_key",
      "provider": "provider[\"registry.terraform.io/hashicorp/tls\"]",
      "instances": [
        {
          "schema_version": 1,
          "attributes": {
            "algorithm": "RSA",
            "ecdsa_curve": "P224",
            "id": "9781a7d7c5a6c9bf0be0b6d975d55d9a1623c5ba",
            "private_key_openssh": "-----BEGIN OPENSSH PRIVATE KEY-----\nb3BlbnNzaC1rZXktdjEAAAAABG5vbmUAAAAEbm9uZQAAAAAAAAABAAABFwAAAAdz\nc2gtcnNhAAAAAwEAAQAAAQEAuOd8GVSnqg09RI7ya6Z3udcOz+aIOr8mdnctte5H\nbMDlA7VI9oh+XO5ZJrSqZncs9g7NA7jH26gnFy93GZVpcMcyjE+onLaXyzvtNUac\ncmalcmDS9ym9TmWzK0PB+X5/f9LVR4ciAObqfkNj95g9hYVwh5YA52K/mqAkHniW\nTf8TpbfqnWUd23FFTBzlcsX2qbZco6Jdv2u5xj+/vRgLYOgzS/Fdvxlntt73wSi2\naCA5XbXtUKl8/onClZVqmH3WObWi9NsgMhy3XhH0orVVDrlaDxqZRXmYgf5m+cyR\nMjkBE9Lkv9tCqapwk1S5es4dg/uTj/EuoGOytwCcdl4SLQAAA7jnArPM5wKzzAAA\nAAdzc2gtcnNhAAABAQC453wZVKeqDT1EjvJrpne51w7P5og6vyZ2dy217kdswOUD\ntUj2iH5c7lkmtKpmdyz2Ds0DuMfbqCcXL3cZlWlwxzKMT6ictpfLO+01RpxyZqVy\nYNL3Kb1OZbMrQ8H5fn9/0tVHhyIA5up+Q2P3mD2FhXCHlgDnYr+aoCQeeJZN/xOl\nt+qdZR3bcUVMHOVyxfaptlyjol2/a7nGP7+9GAtg6DNL8V2/GWe23vfBKLZoIDld\nte1QqXz+icKVlWqYfdY5taL02yAyHLdeEfSitVUOuVoPGplFeZiB/mb5zJEyOQET\n0uS/20KpqnCTVLl6zh2D+5OP8S6gY7K3AJx2XhItAAAAAwEAAQAAAQB3/uofejvQ\n9QSU0HvsdrzuIu3e6AnyrghlCxTkI33AyzIUhPqT26K95oR+xPJsytyn1pUf3DP/\njhHITypotPkXkn5wZmXTRgAeiYZ4c5ml+I1YPBPNCQ5sqT1sT22732cY6hc1czIT\nCciWJl/i167dTurnYua1QvV7gH/QMovAkzUwhfNGesWnQQ4ibeQ80f9HiIthUv9f\no31pBmJpawnL6/cDA0SMIkgMzVftkJ/LcI0uOxt4CsmkkMSeHGaByzb0uceKoNpG\nliXOXqyOV+roK2JRh/cTXCoCN60TR10ijhjWfWWIDIA31bX9LI9e2Vv64+7bSN/6\nSSHjTYwB+Z1hAAAAgHetOSGyR9WxhqSZSv9IWLHqn+XOn1KvNNo7zCHRMvBaI/Tj\n6rK77KOXtSqYm52yAaOmLDCYw1hYKoeJ8sEm4SG/pDfjTMOhWl0pra39kqq3wHfn\n1RBmnH78pOG4T00/4IxzLC0zsYkmdkMNfw5WW6jW9V/YeVx02qaCQd436U88AAAA\ngQDNgWtU+jL8uPcPyAJETCPqpVmg6tL7lcwuRe5MCh1TMkfjsdJx226TQUvZxF/Q\nwUo1y1dr1Pe/1GsGpKgbCkJQfig+tOdRWvCVpNmDCEMjvP+54qRjFe8zq6YUDpTp\n6rP0pu7HAQvRb+x2D3dn+eAmZ+OkJzzB52z+cfFWaabVSQAAAIEA5lY3DJv0Wq1v\n3abYqWeme4GgqnKhdAYIaoTvo2h0JfWdRxdSvivqguS3OLgPmIEHFxx269WeYh3t\nx4XN5KYEC6WT+ZUK5eEPLWQ6M6kFhYhRIvItPndRQIJtlndDFlndWluN9tEgWZYc\nu6C5Ff1szr/6JFiUxLo1gDUmAYx5acUAAAAAAQID\n-----END OPENSSH PRIVATE KEY-----\n",
            "private_key_pem": "-----BEGIN RSA PRIVATE KEY-----\nMIIEpAIBAAKCAQEAuOd8GVSnqg09RI7ya6Z3udcOz+aIOr8mdnctte5HbMDlA7VI\n9oh+XO5ZJrSqZncs9g7NA7jH26gnFy93GZVpcMcyjE+onLaXyzvtNUaccmalcmDS\n9ym9TmWzK0PB+X5/f9LVR4ciAObqfkNj95g9hYVwh5YA52K/mqAkHniWTf8Tpbfq\nnWUd23FFTBzlcsX2qbZco6Jdv2u5xj+/vRgLYOgzS/Fdvxlntt73wSi2aCA5XbXt\nUKl8/onClZVqmH3WObWi9NsgMhy3XhH0orVVDrlaDxqZRXmYgf5m+cyRMjkBE9Lk\nv9tCqapwk1S5es4dg/uTj/EuoGOytwCcdl4SLQIDAQABAoIBAHf+6h96O9D1BJTQ\ne+x2vO4i7d7oCfKuCGULFOQjfcDLMhSE+pPbor3mhH7E8mzK3KfWlR/cM/+OEchP\nKmi0+ReSfnBmZdNGAB6JhnhzmaX4jVg8E80JDmypPWxPbbvfZxjqFzVzMhMJyJYm\nX+LXrt1O6udi5rVC9XuAf9Ayi8CTNTCF80Z6xadBDiJt5DzR/0eIi2FS/1+jfWkG\nYmlrCcvr9wMDRIwiSAzNV+2Qn8twjS47G3gKyaSQxJ4cZoHLNvS5x4qg2kaWJc5e\nrI5X6ugrYlGH9xNcKgI3rRNHXSKOGNZ9ZYgMgDfVtf0sj17ZW/rj7ttI3/pJIeNN\njAH5nWECgYEAzYFrVPoy/Lj3D8gCREwj6qVZoOrS+5XMLkXuTAodUzJH47HScdtu\nk0FL2cRf0MFKNctXa9T3v9RrBqSoGwpCUH4oPrTnUVrwlaTZgwhDI7z/ueKkYxXv\nM6umFA6U6eqz9KbuxwEL0W/sdg93Z/ngJmfjpCc8weds/nHxVmmm1UkCgYEA5lY3\nDJv0Wq1v3abYqWeme4GgqnKhdAYIaoTvo2h0JfWdRxdSvivqguS3OLgPmIEHFxx2\n69WeYh3tx4XN5KYEC6WT+ZUK5eEPLWQ6M6kFhYhRIvItPndRQIJtlndDFlndWluN\n9tEgWZYcu6C5Ff1szr/6JFiUxLo1gDUmAYx5acUCgYEAvyp40Z+89mKJUODZWvcJ\nIimWap6GjQoX2aOrvIhcJxxKy4CLJubcwZaoHHcUOnjTs57oP6LopEXRGWjqB91P\nOtlgTpSx6XgS/OFQhReWfRQ/PoeaK6In1YUDBP1bgQ2XQSpYTD6o47ad3GUeylYj\nMRbLJ9RoLGg/d6I+wged7iECgYEAm4V24eKjGF6me4heHfPIKvgZXTzM2qQAJrvf\nefvbAI5YRVnwGktYqkx3kapljVkBSo+DlDTGHgWLOP6VSF73uE1yHkCN/Sz6rHFS\nAvOKsOCbt/bAqb6yc9Yc3E1mVL8UgB/1OMN3DkYW3HDmx3w3bVmeMdBFkpcP7KL2\nKHGKwOkCgYB3rTkhskfVsYakmUr/SFix6p/lzp9SrzTaO8wh0TLwWiP04+qyu+yj\nl7UqmJudsgGjpiwwmMNYWCqHifLBJuEhv6Q340zDoVpdKa2t/ZKqt8B359UQZpx+\n/KThuE9NP+CMcywtM7GJJnZDDX8OVluo1vVf2HlcdNqmgkHeN+lPPA==\n-----END RSA PRIVATE KEY-----\n",
            "private_key_pem_pkcs8": "-----BEGIN PRIVATE KEY-----\nMIIEvgIBADANBgkqhkiG9w0BAQEFAASCBKgwggSkAgEAAoIBAQC453wZVKeqDT1E\njvJrpne51w7P5og6vyZ2dy217kdswOUDtUj2iH5c7lkmtKpmdyz2Ds0DuMfbqCcX\nL3cZlWlwxzKMT6ictpfLO+01RpxyZqVyYNL3Kb1OZbMrQ8H5fn9/0tVHhyIA5up+\nQ2P3mD2FhXCHlgDnYr+aoCQeeJZN/xOlt+qdZR3bcUVMHOVyxfaptlyjol2/a7nG\nP7+9GAtg6DNL8V2/GWe23vfBKLZoIDldte1QqXz+icKVlWqYfdY5taL02yAyHLde\nEfSitVUOuVoPGplFeZiB/mb5zJEyOQET0uS/20KpqnCTVLl6zh2D+5OP8S6gY7K3\nAJx2XhItAgMBAAECggEAd/7qH3o70PUElNB77Ha87iLt3ugJ8q4IZQsU5CN9wMsy\nFIT6k9uiveaEfsTybMrcp9aVH9wz/44RyE8qaLT5F5J+cGZl00YAHomGeHOZpfiN\nWDwTzQkObKk9bE9tu99nGOoXNXMyEwnIliZf4teu3U7q52LmtUL1e4B/0DKLwJM1\nMIXzRnrFp0EOIm3kPNH/R4iLYVL/X6N9aQZiaWsJy+v3AwNEjCJIDM1X7ZCfy3CN\nLjsbeArJpJDEnhxmgcs29LnHiqDaRpYlzl6sjlfq6CtiUYf3E1wqAjetE0ddIo4Y\n1n1liAyAN9W1/SyPXtlb+uPu20jf+kkh402MAfmdYQKBgQDNgWtU+jL8uPcPyAJE\nTCPqpVmg6tL7lcwuRe5MCh1TMkfjsdJx226TQUvZxF/QwUo1y1dr1Pe/1GsGpKgb\nCkJQfig+tOdRWvCVpNmDCEMjvP+54qRjFe8zq6YUDpTp6rP0pu7HAQvRb+x2D3dn\n+eAmZ+OkJzzB52z+cfFWaabVSQKBgQDmVjcMm/RarW/dptipZ6Z7gaCqcqF0Bghq\nhO+jaHQl9Z1HF1K+K+qC5Lc4uA+YgQcXHHbr1Z5iHe3Hhc3kpgQLpZP5lQrl4Q8t\nZDozqQWFiFEi8i0+d1FAgm2Wd0MWWd1aW4320SBZlhy7oLkV/WzOv/okWJTEujWA\nNSYBjHlpxQKBgQC/KnjRn7z2YolQ4Nla9wkiKZZqnoaNChfZo6u8iFwnHErLgIsm\n5tzBlqgcdxQ6eNOznug/ouikRdEZaOoH3U862WBOlLHpeBL84VCFF5Z9FD8+h5or\noifVhQME/VuBDZdBKlhMPqjjtp3cZR7KViMxFssn1GgsaD93oj7CB53uIQKBgQCb\nhXbh4qMYXqZ7iF4d88gq+BldPMzapAAmu995+9sAjlhFWfAaS1iqTHeRqmWNWQFK\nj4OUNMYeBYs4/pVIXve4TXIeQI39LPqscVIC84qw4Ju39sCpvrJz1hzcTWZUvxSA\nH/U4w3cORhbccObHfDdtWZ4x0EWSlw/sovYocYrA6QKBgHetOSGyR9WxhqSZSv9I\nWLHqn+XOn1KvNNo7zCHRMvBaI/Tj6rK77KOXtSqYm52yAaOmLDCYw1hYKoeJ8sEm\n4SG/pDfjTMOhWl0pra39kqq3wHfn1RBmnH78pOG4T00/4IxzLC0zsYkmdkMNfw5W\nW6jW9V/YeVx02qaCQd436U88\n-----END PRIVATE KEY-----\n",
            "public_key_fingerprint_md5": "a3:7f:67:6c:6c:f8:39:99:a8:0e:84:fc:20:ce:91:bf",
            "public_key_fingerprint_sha256": "SHA256:5HIEZV+zR9w9BvSUaWP/iItPSIXYKOjHMSueBskXLO0",
            "public_key_openssh": "ssh-rsa AAAAB3NzaC1yc2EAAAADAQABAAABAQC453wZVKeqDT1EjvJrpne51w7P5og6vyZ2dy217kdswOUDtUj2iH5c7lkmtKpmdyz2Ds0DuMfbqCcXL3cZlWlwxzKMT6ictpfLO+01RpxyZqVyYNL3Kb1OZbMrQ8H5fn9/0tVHhyIA5up+Q2P3mD2FhXCHlgDnYr+aoCQeeJZN/xOlt+qdZR3bcUVMHOVyxfaptlyjol2/a7nGP7+9GAtg6DNL8V2/GWe23vfBKLZoIDldte1QqXz+icKVlWqYfdY5taL02yAyHLdeEfSitVUOuVoPGplFeZiB/mb5zJEyOQET0uS/20KpqnCTVLl6zh2D+5OP8S6gY7K3AJx2XhIt\n",
            "public_key_pem": "-----BEGIN PUBLIC KEY-----\nMIIBIjANBgkqhkiG9w0BAQEFAAOCAQ8AMIIBCgKCAQEAuOd8GVSnqg09RI7ya6Z3\nudcOz+aIOr8mdnctte5HbMDlA7VI9oh+XO5ZJrSqZncs9g7NA7jH26gnFy93GZVp\ncMcyjE+onLaXyzvtNUaccmalcmDS9ym9TmWzK0PB+X5/f9LVR4ciAObqfkNj95g9\nhYVwh5YA52K/mqAkHniWTf8TpbfqnWUd23FFTBzlcsX2qbZco6Jdv2u5xj+/vRgL\nYOgzS/Fdvxlntt73wSi2aCA5XbXtUKl8/onClZVqmH3WObWi9NsgMhy3XhH0orVV\nDrlaDxqZRXmYgf5m+cyRMjkBE9Lkv9tCqapwk1S5es4dg/uTj/EuoGOytwCcdl4S\nLQIDAQAB\n-----END PUBLIC KEY-----\n",
            "rsa_bits": 2048
          },
          "sensitive_attributes": []
        }
      ]
    },
    {
      "module": "module.vpc",
      "mode": "managed",
      "type": "aws_default_network_acl",
      "name": "this",
      "provider": "provider[\"registry.terraform.io/hashicorp/aws\"]",
      "instances": [
        {
          "index_key": 0,
          "schema_version": 0,
          "attributes": {
            "arn": "arn:aws:ec2:us-east-1:704321698784:network-acl/acl-01f77753d610fb735",
            "default_network_acl_id": "acl-01f77753d610fb735",
            "egress": [
              {
                "action": "allow",
                "cidr_block": "",
                "from_port": 0,
                "icmp_code": 0,
                "icmp_type": 0,
                "ipv6_cidr_block": "::/0",
                "protocol": "-1",
                "rule_no": 101,
                "to_port": 0
              },
              {
                "action": "allow",
                "cidr_block": "0.0.0.0/0",
                "from_port": 0,
                "icmp_code": 0,
                "icmp_type": 0,
                "ipv6_cidr_block": "",
                "protocol": "-1",
                "rule_no": 100,
                "to_port": 0
              }
            ],
            "id": "acl-01f77753d610fb735",
            "ingress": [
              {
                "action": "allow",
                "cidr_block": "",
                "from_port": 0,
                "icmp_code": 0,
                "icmp_type": 0,
                "ipv6_cidr_block": "::/0",
                "protocol": "-1",
                "rule_no": 101,
                "to_port": 0
              },
              {
                "action": "allow",
                "cidr_block": "0.0.0.0/0",
                "from_port": 0,
                "icmp_code": 0,
                "icmp_type": 0,
                "ipv6_cidr_block": "",
                "protocol": "-1",
                "rule_no": 100,
                "to_port": 0
              }
            ],
            "owner_id": "704321698784",
            "subnet_ids": [
              "subnet-0332a094ba4f7e053",
              "subnet-087c668a82d2d481f",
              "subnet-08ec8e3e4831e21e7",
              "subnet-0b7d0f77b30acf17a"
            ],
            "tags": {
              "Name": "utc-app1",
              "created-by": "Anthony",
              "env": "dev",
              "team": "wdp"
            },
            "tags_all": {
              "Name": "utc-app1",
              "created-by": "Anthony",
              "env": "dev",
              "team": "wdp"
            },
            "vpc_id": "vpc-0038aaa517da9d188"
          },
          "sensitive_attributes": [],
          "private": "bnVsbA==",
          "dependencies": [
            "module.vpc.aws_vpc.this"
          ]
        }
      ]
    },
    {
      "module": "module.vpc",
      "mode": "managed",
      "type": "aws_default_route_table",
      "name": "default",
      "provider": "provider[\"registry.terraform.io/hashicorp/aws\"]",
      "instances": [
        {
          "index_key": 0,
          "schema_version": 0,
          "attributes": {
            "arn": "arn:aws:ec2:us-east-1:704321698784:route-table/rtb-09063f86761b1b2b2",
            "default_route_table_id": "rtb-09063f86761b1b2b2",
            "id": "rtb-09063f86761b1b2b2",
            "owner_id": "704321698784",
            "propagating_vgws": [],
            "route": [],
            "tags": {
              "Name": "utc-app1",
              "created-by": "Anthony",
              "env": "dev",
              "team": "wdp"
            },
            "tags_all": {
              "Name": "utc-app1",
              "created-by": "Anthony",
              "env": "dev",
              "team": "wdp"
            },
            "timeouts": {
              "create": "5m",
              "update": "5m"
            },
            "vpc_id": "vpc-0038aaa517da9d188"
          },
          "sensitive_attributes": [],
          "private": "eyJlMmJmYjczMC1lY2FhLTExZTYtOGY4OC0zNDM2M2JjN2M0YzAiOnsiY3JlYXRlIjozMDAwMDAwMDAwMDAsInVwZGF0ZSI6MzAwMDAwMDAwMDAwfX0=",
          "dependencies": [
            "module.vpc.aws_vpc.this"
          ]
        }
      ]
    },
    {
      "module": "module.vpc",
      "mode": "managed",
      "type": "aws_default_security_group",
      "name": "this",
      "provider": "provider[\"registry.terraform.io/hashicorp/aws\"]",
      "instances": [
        {
          "index_key": 0,
          "schema_version": 1,
          "attributes": {
            "arn": "arn:aws:ec2:us-east-1:704321698784:security-group/sg-0ed137721f25bb6f5",
            "description": "default VPC security group",
            "egress": [],
            "id": "sg-0ed137721f25bb6f5",
            "ingress": [],
            "name": "default",
            "name_prefix": "",
            "owner_id": "704321698784",
            "revoke_rules_on_delete": false,
            "tags": {
              "Name": "utc-app1",
              "created-by": "Anthony",
              "env": "dev",
              "team": "wdp"
            },
            "tags_all": {
              "Name": "utc-app1",
              "created-by": "Anthony",
              "env": "dev",
              "team": "wdp"
            },
            "vpc_id": "vpc-0038aaa517da9d188"
          },
          "sensitive_attributes": [],
          "private": "eyJzY2hlbWFfdmVyc2lvbiI6IjEifQ==",
          "dependencies": [
            "module.vpc.aws_vpc.this"
          ]
        }
      ]
    },
    {
      "module": "module.vpc",
      "mode": "managed",
      "type": "aws_internet_gateway",
      "name": "this",
      "provider": "provider[\"registry.terraform.io/hashicorp/aws\"]",
      "instances": [
        {
          "index_key": 0,
          "schema_version": 0,
          "attributes": {
            "arn": "arn:aws:ec2:us-east-1:704321698784:internet-gateway/igw-09ef2e115780cc049",
            "id": "igw-09ef2e115780cc049",
            "owner_id": "704321698784",
            "tags": {
              "Name": "utc-app1",
              "created-by": "Anthony",
              "env": "dev",
              "team": "wdp"
            },
            "tags_all": {
              "Name": "utc-app1",
              "created-by": "Anthony",
              "env": "dev",
              "team": "wdp"
            },
            "timeouts": null,
            "vpc_id": "vpc-0038aaa517da9d188"
          },
          "sensitive_attributes": [],
          "private": "eyJlMmJmYjczMC1lY2FhLTExZTYtOGY4OC0zNDM2M2JjN2M0YzAiOnsiY3JlYXRlIjoxMjAwMDAwMDAwMDAwLCJkZWxldGUiOjEyMDAwMDAwMDAwMDAsInVwZGF0ZSI6MTIwMDAwMDAwMDAwMH19",
          "dependencies": [
            "module.vpc.aws_vpc.this",
            "module.vpc.aws_vpc_ipv4_cidr_block_association.this"
          ]
        }
      ]
    },
    {
      "module": "module.vpc",
      "mode": "managed",
      "type": "aws_route",
      "name": "public_internet_gateway",
      "provider": "provider[\"registry.terraform.io/hashicorp/aws\"]",
      "instances": [
        {
          "index_key": 0,
          "schema_version": 0,
          "attributes": {
            "carrier_gateway_id": "",
            "core_network_arn": "",
            "destination_cidr_block": "0.0.0.0/0",
            "destination_ipv6_cidr_block": "",
            "destination_prefix_list_id": "",
            "egress_only_gateway_id": "",
            "gateway_id": "igw-09ef2e115780cc049",
            "id": "r-rtb-000b78b5436103e4e1080289494",
            "instance_id": "",
            "instance_owner_id": "",
            "local_gateway_id": "",
            "nat_gateway_id": "",
            "network_interface_id": "",
            "origin": "CreateRoute",
            "route_table_id": "rtb-000b78b5436103e4e",
            "state": "active",
            "timeouts": {
              "create": "5m",
              "delete": null,
              "update": null
            },
            "transit_gateway_id": "",
            "vpc_endpoint_id": "",
            "vpc_peering_connection_id": ""
          },
          "sensitive_attributes": [],
          "private": "eyJlMmJmYjczMC1lY2FhLTExZTYtOGY4OC0zNDM2M2JjN2M0YzAiOnsiY3JlYXRlIjozMDAwMDAwMDAwMDAsImRlbGV0ZSI6MzAwMDAwMDAwMDAwLCJ1cGRhdGUiOjEyMDAwMDAwMDAwMH19",
          "dependencies": [
            "module.vpc.aws_internet_gateway.this",
            "module.vpc.aws_route_table.public",
            "module.vpc.aws_vpc.this",
            "module.vpc.aws_vpc_ipv4_cidr_block_association.this"
          ]
        }
      ]
    },
    {
      "module": "module.vpc",
      "mode": "managed",
      "type": "aws_route_table",
      "name": "private",
      "provider": "provider[\"registry.terraform.io/hashicorp/aws\"]",
      "instances": [
        {
          "index_key": 0,
          "schema_version": 0,
          "attributes": {
            "arn": "arn:aws:ec2:us-east-1:704321698784:route-table/rtb-055403db688d740ca",
            "id": "rtb-055403db688d740ca",
            "owner_id": "704321698784",
            "propagating_vgws": [],
            "route": [],
            "tags": {
              "Name": "utc-app1",
              "created-by": "Anthony",
              "env": "dev",
              "team": "wdp"
            },
            "tags_all": {
              "Name": "utc-app1",
              "created-by": "Anthony",
              "env": "dev",
              "team": "wdp"
            },
            "timeouts": null,
            "vpc_id": "vpc-0038aaa517da9d188"
          },
          "sensitive_attributes": [],
          "private": "eyJlMmJmYjczMC1lY2FhLTExZTYtOGY4OC0zNDM2M2JjN2M0YzAiOnsiY3JlYXRlIjozMDAwMDAwMDAwMDAsImRlbGV0ZSI6MzAwMDAwMDAwMDAwLCJ1cGRhdGUiOjEyMDAwMDAwMDAwMH19",
          "dependencies": [
            "module.vpc.aws_vpc.this",
            "module.vpc.aws_vpc_ipv4_cidr_block_association.this"
          ]
        },
        {
          "index_key": 1,
          "schema_version": 0,
          "attributes": {
            "arn": "arn:aws:ec2:us-east-1:704321698784:route-table/rtb-0814223ac149c0745",
            "id": "rtb-0814223ac149c0745",
            "owner_id": "704321698784",
            "propagating_vgws": [],
            "route": [],
            "tags": {
              "Name": "utc-app1",
              "created-by": "Anthony",
              "env": "dev",
              "team": "wdp"
            },
            "tags_all": {
              "Name": "utc-app1",
              "created-by": "Anthony",
              "env": "dev",
              "team": "wdp"
            },
            "timeouts": null,
            "vpc_id": "vpc-0038aaa517da9d188"
          },
          "sensitive_attributes": [],
          "private": "eyJlMmJmYjczMC1lY2FhLTExZTYtOGY4OC0zNDM2M2JjN2M0YzAiOnsiY3JlYXRlIjozMDAwMDAwMDAwMDAsImRlbGV0ZSI6MzAwMDAwMDAwMDAwLCJ1cGRhdGUiOjEyMDAwMDAwMDAwMH19",
          "dependencies": [
            "module.vpc.aws_vpc.this",
            "module.vpc.aws_vpc_ipv4_cidr_block_association.this"
          ]
        }
      ]
    },
    {
      "module": "module.vpc",
      "mode": "managed",
      "type": "aws_route_table",
      "name": "public",
      "provider": "provider[\"registry.terraform.io/hashicorp/aws\"]",
      "instances": [
        {
          "index_key": 0,
          "schema_version": 0,
          "attributes": {
            "arn": "arn:aws:ec2:us-east-1:704321698784:route-table/rtb-000b78b5436103e4e",
            "id": "rtb-000b78b5436103e4e",
            "owner_id": "704321698784",
            "propagating_vgws": [],
            "route": [
              {
                "carrier_gateway_id": "",
                "cidr_block": "0.0.0.0/0",
                "core_network_arn": "",
                "destination_prefix_list_id": "",
                "egress_only_gateway_id": "",
                "gateway_id": "igw-09ef2e115780cc049",
                "instance_id": "",
                "ipv6_cidr_block": "",
                "local_gateway_id": "",
                "nat_gateway_id": "",
                "network_interface_id": "",
                "transit_gateway_id": "",
                "vpc_endpoint_id": "",
                "vpc_peering_connection_id": ""
              }
            ],
            "tags": {
              "Name": "utc-app1",
              "created-by": "Anthony",
              "env": "dev",
              "team": "wdp"
            },
            "tags_all": {
              "Name": "utc-app1",
              "created-by": "Anthony",
              "env": "dev",
              "team": "wdp"
            },
            "timeouts": null,
            "vpc_id": "vpc-0038aaa517da9d188"
          },
          "sensitive_attributes": [],
          "private": "eyJlMmJmYjczMC1lY2FhLTExZTYtOGY4OC0zNDM2M2JjN2M0YzAiOnsiY3JlYXRlIjozMDAwMDAwMDAwMDAsImRlbGV0ZSI6MzAwMDAwMDAwMDAwLCJ1cGRhdGUiOjEyMDAwMDAwMDAwMH19",
          "dependencies": [
            "module.vpc.aws_vpc.this",
            "module.vpc.aws_vpc_ipv4_cidr_block_association.this"
          ]
        }
      ]
    },
    {
      "module": "module.vpc",
      "mode": "managed",
      "type": "aws_route_table_association",
      "name": "private",
      "provider": "provider[\"registry.terraform.io/hashicorp/aws\"]",
      "instances": [
        {
          "index_key": 0,
          "schema_version": 0,
          "attributes": {
            "gateway_id": "",
            "id": "rtbassoc-01ceb6f4f6c081c48",
            "route_table_id": "rtb-055403db688d740ca",
            "subnet_id": "subnet-0b7d0f77b30acf17a",
            "timeouts": null
          },
          "sensitive_attributes": [],
          "private": "eyJlMmJmYjczMC1lY2FhLTExZTYtOGY4OC0zNDM2M2JjN2M0YzAiOnsiY3JlYXRlIjozMDAwMDAwMDAwMDAsImRlbGV0ZSI6MzAwMDAwMDAwMDAwLCJ1cGRhdGUiOjEyMDAwMDAwMDAwMH19",
          "dependencies": [
            "module.vpc.aws_route_table.private",
            "module.vpc.aws_subnet.private",
            "module.vpc.aws_vpc.this",
            "module.vpc.aws_vpc_ipv4_cidr_block_association.this"
          ]
        },
        {
          "index_key": 1,
          "schema_version": 0,
          "attributes": {
            "gateway_id": "",
            "id": "rtbassoc-0e5b2da1d50efc063",
            "route_table_id": "rtb-0814223ac149c0745",
            "subnet_id": "subnet-0332a094ba4f7e053",
            "timeouts": null
          },
          "sensitive_attributes": [],
          "private": "eyJlMmJmYjczMC1lY2FhLTExZTYtOGY4OC0zNDM2M2JjN2M0YzAiOnsiY3JlYXRlIjozMDAwMDAwMDAwMDAsImRlbGV0ZSI6MzAwMDAwMDAwMDAwLCJ1cGRhdGUiOjEyMDAwMDAwMDAwMH19",
          "dependencies": [
            "module.vpc.aws_route_table.private",
            "module.vpc.aws_subnet.private",
            "module.vpc.aws_vpc.this",
            "module.vpc.aws_vpc_ipv4_cidr_block_association.this"
          ]
        }
      ]
    },
    {
      "module": "module.vpc",
      "mode": "managed",
      "type": "aws_route_table_association",
      "name": "public",
      "provider": "provider[\"registry.terraform.io/hashicorp/aws\"]",
      "instances": [
        {
          "index_key": 0,
          "schema_version": 0,
          "attributes": {
            "gateway_id": "",
            "id": "rtbassoc-0261c024a69a10e91",
            "route_table_id": "rtb-000b78b5436103e4e",
            "subnet_id": "subnet-087c668a82d2d481f",
            "timeouts": null
          },
          "sensitive_attributes": [],
          "private": "eyJlMmJmYjczMC1lY2FhLTExZTYtOGY4OC0zNDM2M2JjN2M0YzAiOnsiY3JlYXRlIjozMDAwMDAwMDAwMDAsImRlbGV0ZSI6MzAwMDAwMDAwMDAwLCJ1cGRhdGUiOjEyMDAwMDAwMDAwMH19",
          "dependencies": [
            "module.vpc.aws_route_table.public",
            "module.vpc.aws_subnet.public",
            "module.vpc.aws_vpc.this",
            "module.vpc.aws_vpc_ipv4_cidr_block_association.this"
          ]
        },
        {
          "index_key": 1,
          "schema_version": 0,
          "attributes": {
            "gateway_id": "",
            "id": "rtbassoc-0209a2d2beb56bc1c",
            "route_table_id": "rtb-000b78b5436103e4e",
            "subnet_id": "subnet-08ec8e3e4831e21e7",
            "timeouts": null
          },
          "sensitive_attributes": [],
          "private": "eyJlMmJmYjczMC1lY2FhLTExZTYtOGY4OC0zNDM2M2JjN2M0YzAiOnsiY3JlYXRlIjozMDAwMDAwMDAwMDAsImRlbGV0ZSI6MzAwMDAwMDAwMDAwLCJ1cGRhdGUiOjEyMDAwMDAwMDAwMH19",
          "dependencies": [
            "module.vpc.aws_route_table.public",
            "module.vpc.aws_subnet.public",
            "module.vpc.aws_vpc.this",
            "module.vpc.aws_vpc_ipv4_cidr_block_association.this"
          ]
        }
      ]
    },
    {
      "module": "module.vpc",
      "mode": "managed",
      "type": "aws_subnet",
      "name": "private",
      "provider": "provider[\"registry.terraform.io/hashicorp/aws\"]",
      "instances": [
        {
          "index_key": 0,
          "schema_version": 1,
          "attributes": {
            "arn": "arn:aws:ec2:us-east-1:704321698784:subnet/subnet-0b7d0f77b30acf17a",
            "assign_ipv6_address_on_creation": false,
            "availability_zone": "us-east-1a",
            "availability_zone_id": "use1-az1",
            "cidr_block": "192.168.1.0/24",
            "customer_owned_ipv4_pool": "",
            "enable_dns64": false,
            "enable_lni_at_device_index": 0,
            "enable_resource_name_dns_a_record_on_launch": false,
            "enable_resource_name_dns_aaaa_record_on_launch": false,
            "id": "subnet-0b7d0f77b30acf17a",
            "ipv6_cidr_block": "",
            "ipv6_cidr_block_association_id": "",
            "ipv6_native": false,
            "map_customer_owned_ip_on_launch": false,
            "map_public_ip_on_launch": false,
            "outpost_arn": "",
            "owner_id": "704321698784",
            "private_dns_hostname_type_on_launch": "ip-name",
            "tags": {
              "Name": "utc-app1",
              "created-by": "Anthony",
              "env": "dev",
              "team": "wdp"
            },
            "tags_all": {
              "Name": "utc-app1",
              "created-by": "Anthony",
              "env": "dev",
              "team": "wdp"
            },
            "timeouts": null,
            "vpc_id": "vpc-0038aaa517da9d188"
          },
          "sensitive_attributes": [],
          "private": "eyJlMmJmYjczMC1lY2FhLTExZTYtOGY4OC0zNDM2M2JjN2M0YzAiOnsiY3JlYXRlIjo2MDAwMDAwMDAwMDAsImRlbGV0ZSI6MTIwMDAwMDAwMDAwMH0sInNjaGVtYV92ZXJzaW9uIjoiMSJ9",
          "dependencies": [
            "module.vpc.aws_vpc.this",
            "module.vpc.aws_vpc_ipv4_cidr_block_association.this"
          ]
        },
        {
          "index_key": 1,
          "schema_version": 1,
          "attributes": {
            "arn": "arn:aws:ec2:us-east-1:704321698784:subnet/subnet-0332a094ba4f7e053",
            "assign_ipv6_address_on_creation": false,
            "availability_zone": "us-east-1b",
            "availability_zone_id": "use1-az2",
            "cidr_block": "192.168.2.0/24",
            "customer_owned_ipv4_pool": "",
            "enable_dns64": false,
            "enable_lni_at_device_index": 0,
            "enable_resource_name_dns_a_record_on_launch": false,
            "enable_resource_name_dns_aaaa_record_on_launch": false,
            "id": "subnet-0332a094ba4f7e053",
            "ipv6_cidr_block": "",
            "ipv6_cidr_block_association_id": "",
            "ipv6_native": false,
            "map_customer_owned_ip_on_launch": false,
            "map_public_ip_on_launch": false,
            "outpost_arn": "",
            "owner_id": "704321698784",
            "private_dns_hostname_type_on_launch": "ip-name",
            "tags": {
              "Name": "utc-app1",
              "created-by": "Anthony",
              "env": "dev",
              "team": "wdp"
            },
            "tags_all": {
              "Name": "utc-app1",
              "created-by": "Anthony",
              "env": "dev",
              "team": "wdp"
            },
            "timeouts": null,
            "vpc_id": "vpc-0038aaa517da9d188"
          },
          "sensitive_attributes": [],
          "private": "eyJlMmJmYjczMC1lY2FhLTExZTYtOGY4OC0zNDM2M2JjN2M0YzAiOnsiY3JlYXRlIjo2MDAwMDAwMDAwMDAsImRlbGV0ZSI6MTIwMDAwMDAwMDAwMH0sInNjaGVtYV92ZXJzaW9uIjoiMSJ9",
          "dependencies": [
            "module.vpc.aws_vpc.this",
            "module.vpc.aws_vpc_ipv4_cidr_block_association.this"
          ]
        }
      ]
    },
    {
      "module": "module.vpc",
      "mode": "managed",
      "type": "aws_subnet",
      "name": "public",
      "provider": "provider[\"registry.terraform.io/hashicorp/aws\"]",
      "instances": [
        {
          "index_key": 0,
          "schema_version": 1,
          "attributes": {
            "arn": "arn:aws:ec2:us-east-1:704321698784:subnet/subnet-087c668a82d2d481f",
            "assign_ipv6_address_on_creation": false,
            "availability_zone": "us-east-1a",
            "availability_zone_id": "use1-az1",
            "cidr_block": "192.168.101.0/24",
            "customer_owned_ipv4_pool": "",
            "enable_dns64": false,
            "enable_lni_at_device_index": 0,
            "enable_resource_name_dns_a_record_on_launch": false,
            "enable_resource_name_dns_aaaa_record_on_launch": false,
            "id": "subnet-087c668a82d2d481f",
            "ipv6_cidr_block": "",
            "ipv6_cidr_block_association_id": "",
            "ipv6_native": false,
            "map_customer_owned_ip_on_launch": false,
            "map_public_ip_on_launch": false,
            "outpost_arn": "",
            "owner_id": "704321698784",
            "private_dns_hostname_type_on_launch": "ip-name",
            "tags": {
              "Name": "utc-app1",
              "created-by": "Anthony",
              "env": "dev",
              "team": "wdp"
            },
            "tags_all": {
              "Name": "utc-app1",
              "created-by": "Anthony",
              "env": "dev",
              "team": "wdp"
            },
            "timeouts": null,
            "vpc_id": "vpc-0038aaa517da9d188"
          },
          "sensitive_attributes": [],
          "private": "eyJlMmJmYjczMC1lY2FhLTExZTYtOGY4OC0zNDM2M2JjN2M0YzAiOnsiY3JlYXRlIjo2MDAwMDAwMDAwMDAsImRlbGV0ZSI6MTIwMDAwMDAwMDAwMH0sInNjaGVtYV92ZXJzaW9uIjoiMSJ9",
          "dependencies": [
            "module.vpc.aws_vpc.this",
            "module.vpc.aws_vpc_ipv4_cidr_block_association.this"
          ]
        },
        {
          "index_key": 1,
          "schema_version": 1,
          "attributes": {
            "arn": "arn:aws:ec2:us-east-1:704321698784:subnet/subnet-08ec8e3e4831e21e7",
            "assign_ipv6_address_on_creation": false,
            "availability_zone": "us-east-1b",
            "availability_zone_id": "use1-az2",
            "cidr_block": "192.168.102.0/24",
            "customer_owned_ipv4_pool": "",
            "enable_dns64": false,
            "enable_lni_at_device_index": 0,
            "enable_resource_name_dns_a_record_on_launch": false,
            "enable_resource_name_dns_aaaa_record_on_launch": false,
            "id": "subnet-08ec8e3e4831e21e7",
            "ipv6_cidr_block": "",
            "ipv6_cidr_block_association_id": "",
            "ipv6_native": false,
            "map_customer_owned_ip_on_launch": false,
            "map_public_ip_on_launch": false,
            "outpost_arn": "",
            "owner_id": "704321698784",
            "private_dns_hostname_type_on_launch": "ip-name",
            "tags": {
              "Name": "utc-app1",
              "created-by": "Anthony",
              "env": "dev",
              "team": "wdp"
            },
            "tags_all": {
              "Name": "utc-app1",
              "created-by": "Anthony",
              "env": "dev",
              "team": "wdp"
            },
            "timeouts": null,
            "vpc_id": "vpc-0038aaa517da9d188"
          },
          "sensitive_attributes": [],
          "private": "eyJlMmJmYjczMC1lY2FhLTExZTYtOGY4OC0zNDM2M2JjN2M0YzAiOnsiY3JlYXRlIjo2MDAwMDAwMDAwMDAsImRlbGV0ZSI6MTIwMDAwMDAwMDAwMH0sInNjaGVtYV92ZXJzaW9uIjoiMSJ9",
          "dependencies": [
            "module.vpc.aws_vpc.this",
            "module.vpc.aws_vpc_ipv4_cidr_block_association.this"
          ]
        }
      ]
    },
    {
      "module": "module.vpc",
      "mode": "managed",
      "type": "aws_vpc",
      "name": "this",
      "provider": "provider[\"registry.terraform.io/hashicorp/aws\"]",
      "instances": [
        {
          "index_key": 0,
          "schema_version": 1,
          "attributes": {
            "arn": "arn:aws:ec2:us-east-1:704321698784:vpc/vpc-0038aaa517da9d188",
            "assign_generated_ipv6_cidr_block": false,
            "cidr_block": "192.168.0.0/16",
            "default_network_acl_id": "acl-01f77753d610fb735",
            "default_route_table_id": "rtb-09063f86761b1b2b2",
            "default_security_group_id": "sg-0ed137721f25bb6f5",
            "dhcp_options_id": "dopt-04a42b1be36f72a28",
            "enable_classiclink": false,
            "enable_classiclink_dns_support": false,
            "enable_dns_hostnames": true,
            "enable_dns_support": true,
            "enable_network_address_usage_metrics": false,
            "id": "vpc-0038aaa517da9d188",
            "instance_tenancy": "default",
            "ipv4_ipam_pool_id": null,
            "ipv4_netmask_length": null,
            "ipv6_association_id": "",
            "ipv6_cidr_block": "",
            "ipv6_cidr_block_network_border_group": "",
            "ipv6_ipam_pool_id": "",
            "ipv6_netmask_length": 0,
            "main_route_table_id": "rtb-09063f86761b1b2b2",
            "owner_id": "704321698784",
            "tags": {
              "Name": "utc-app1",
              "created-by": "Anthony",
              "env": "dev",
              "team": "wdp"
            },
            "tags_all": {
              "Name": "utc-app1",
              "created-by": "Anthony",
              "env": "dev",
              "team": "wdp"
            }
          },
          "sensitive_attributes": [],
          "private": "eyJzY2hlbWFfdmVyc2lvbiI6IjEifQ=="
        }
      ]
    }
  ],
  "check_results": null
}
